
Microsoft Visual Studio Solution File, Format Version 12.00
# Visual Studio Version 16
VisualStudioVersion = 16.0.29613.14
MinimumVisualStudioVersion = 10.0.40219.1
Project("{FAE04EC0-301F-11D3-BF4B-00C04F79EFBC}") = "publisher-api", "publisher-api.csproj", "{C35B77A7-AD8C-411C-A9B2-BA8FA2E1E748}"
EndProject
Global
	GlobalSection(SolutionConfigurationPlatforms) = preSolution
		Debug|Any CPU = Debug|Any CPU
		Release|Any CPU = Release|Any CPU
	EndGlobalSection
	GlobalSection(ProjectConfigurationPlatforms) = postSolution
		{C35B77A7-AD8C-411C-A9B2-BA8FA2E1E748}.Debug|Any CPU.ActiveCfg = Debug|Any CPU
		{C35B77A7-AD8C-411C-A9B2-BA8FA2E1E748}.Debug|Any CPU.Build.0 = Debug|Any CPU
		{C35B77A7-AD8C-411C-A9B2-BA8FA2E1E748}.Release|Any CPU.ActiveCfg = Release|Any CPU
		{C35B77A7-AD8C-411C-A9B2-BA8FA2E1E748}.Release|Any CPU.Build.0 = Release|Any CPU
	EndGlobalSection
	GlobalSection(SolutionProperties) = preSolution
		HideSolutionNode = FALSE
	EndGlobalSection
	GlobalSection(ExtensibilityGlobals) = postSolution
		SolutionGuid = {EEEAEA87-0FD9-4248-A247-55BEA3197DAC}
	EndGlobalSection
EndGlobal
